
Microsoft Visual Studio Solution File, Format Version 11.00
# Visual C# Express 2010
Project("{FAE04EC0-301F-11D3-BF4B-00C04F79EFBC}") = "Projet2", "Projet2\Projet2\Projet2.csproj", "{10F0269E-00F0-4831-A607-093327CD6A3C}"
EndProject
Project("{96E2B04D-8817-42C6-938A-82C39BA4D311}") = "Projet2Content", "Projet2\Projet2Content\Projet2Content.contentproj", "{68701CB0-3C90-4305-9CEA-63C1BC93755D}"
EndProject
Global
	GlobalSection(SolutionConfigurationPlatforms) = preSolution
		Debug|x86 = Debug|x86
		Release|x86 = Release|x86
	EndGlobalSection
	GlobalSection(ProjectConfigurationPlatforms) = postSolution
		{10F0269E-00F0-4831-A607-093327CD6A3C}.Debug|x86.ActiveCfg = Debug|x86
		{10F0269E-00F0-4831-A607-093327CD6A3C}.Debug|x86.Build.0 = Debug|x86
		{10F0269E-00F0-4831-A607-093327CD6A3C}.Release|x86.ActiveCfg = Release|x86
		{10F0269E-00F0-4831-A607-093327CD6A3C}.Release|x86.Build.0 = Release|x86
		{68701CB0-3C90-4305-9CEA-63C1BC93755D}.Debug|x86.ActiveCfg = Debug|x86
		{68701CB0-3C90-4305-9CEA-63C1BC93755D}.Release|x86.ActiveCfg = Release|x86
	EndGlobalSection
	GlobalSection(SolutionProperties) = preSolution
		HideSolutionNode = FALSE
	EndGlobalSection
EndGlobal
